
Microsoft Visual Studio Solution File, Format Version 12.00
# Visual Studio Version 17
VisualStudioVersion = 17.9.34616.47
MinimumVisualStudioVersion = 10.0.40219.1
Project("{8BC9CEB8-8B4A-11D0-8D11-00A0C91BC942}") = "bank-account-management-system2", "bank-account-management-system2.vcxproj", "{7C60B3FF-5F21-4F8A-91EF-733D7002C99A}"
EndProject
Global
	GlobalSection(SolutionConfigurationPlatforms) = preSolution
		Debug|x64 = Debug|x64
		Debug|x86 = Debug|x86
		Release|x64 = Release|x64
		Release|x86 = Release|x86
	EndGlobalSection
	GlobalSection(ProjectConfigurationPlatforms) = postSolution
		{7C60B3FF-5F21-4F8A-91EF-733D7002C99A}.Debug|x64.ActiveCfg = Debug|x64
		{7C60B3FF-5F21-4F8A-91EF-733D7002C99A}.Debug|x64.Build.0 = Debug|x64
		{7C60B3FF-5F21-4F8A-91EF-733D7002C99A}.Debug|x86.ActiveCfg = Debug|Win32
		{7C60B3FF-5F21-4F8A-91EF-733D7002C99A}.Debug|x86.Build.0 = Debug|Win32
		{7C60B3FF-5F21-4F8A-91EF-733D7002C99A}.Release|x64.ActiveCfg = Release|x64
		{7C60B3FF-5F21-4F8A-91EF-733D7002C99A}.Release|x64.Build.0 = Release|x64
		{7C60B3FF-5F21-4F8A-91EF-733D7002C99A}.Release|x86.ActiveCfg = Release|Win32
		{7C60B3FF-5F21-4F8A-91EF-733D7002C99A}.Release|x86.Build.0 = Release|Win32
	EndGlobalSection
	GlobalSection(SolutionProperties) = preSolution
		HideSolutionNode = FALSE
	EndGlobalSection
	GlobalSection(ExtensibilityGlobals) = postSolution
		SolutionGuid = {5F4D4254-A596-420B-A59A-662CA522F94B}
	EndGlobalSection
EndGlobal
